
Microsoft Visual Studio Solution File, Format Version 12.00
# Visual Studio Version 16
VisualStudioVersion = 16.0.30204.135
MinimumVisualStudioVersion = 10.0.40219.1
Project("{9A19103F-16F7-4668-BE54-9A1E7A4F7556}") = "BookParserInterface", "BookParserInterface\BookParserInterface.csproj", "{BF76E2D2-0062-408D-B550-93E491C3F39C}"
EndProject
Project("{9A19103F-16F7-4668-BE54-9A1E7A4F7556}") = "FileSaver", "FileSaver\FileSaver.csproj", "{597D1C58-8420-48AA-A472-D853D18C7566}"
EndProject
Project("{9A19103F-16F7-4668-BE54-9A1E7A4F7556}") = "Models", "Models\Models.csproj", "{11BD01C2-FFE9-4D82-81CF-85BE8D573955}"
EndProject
Project("{9A19103F-16F7-4668-BE54-9A1E7A4F7556}") = "FileRader", "FileRader\FileRader.csproj", "{B1894304-D14B-48E2-87FA-A48D1CECE4BD}"
EndProject
Project("{9A19103F-16F7-4668-BE54-9A1E7A4F7556}") = "BookParser", "BookParser\BookParser.csproj", "{CA2C7E62-029B-4F67-973E-AE278869F4D4}"
EndProject
Project("{9A19103F-16F7-4668-BE54-9A1E7A4F7556}") = "UnitTestProject", "UnitTestProject\UnitTestProject.csproj", "{4E3C0C83-B39F-461C-9122-D4DD7A6BB773}"
EndProject
Project("{FAE04EC0-301F-11D3-BF4B-00C04F79EFBC}") = "BookParserConsolApp", "BookParserConsolApp\BookParserConsolApp.csproj", "{80D87550-F84B-48D9-929A-0F1660BE856D}"
EndProject
Global
	GlobalSection(SolutionConfigurationPlatforms) = preSolution
		Debug|Any CPU = Debug|Any CPU
		Release|Any CPU = Release|Any CPU
	EndGlobalSection
	GlobalSection(ProjectConfigurationPlatforms) = postSolution
		{BF76E2D2-0062-408D-B550-93E491C3F39C}.Debug|Any CPU.ActiveCfg = Debug|Any CPU
		{BF76E2D2-0062-408D-B550-93E491C3F39C}.Debug|Any CPU.Build.0 = Debug|Any CPU
		{BF76E2D2-0062-408D-B550-93E491C3F39C}.Release|Any CPU.ActiveCfg = Release|Any CPU
		{BF76E2D2-0062-408D-B550-93E491C3F39C}.Release|Any CPU.Build.0 = Release|Any CPU
		{597D1C58-8420-48AA-A472-D853D18C7566}.Debug|Any CPU.ActiveCfg = Debug|Any CPU
		{597D1C58-8420-48AA-A472-D853D18C7566}.Debug|Any CPU.Build.0 = Debug|Any CPU
		{597D1C58-8420-48AA-A472-D853D18C7566}.Release|Any CPU.ActiveCfg = Release|Any CPU
		{597D1C58-8420-48AA-A472-D853D18C7566}.Release|Any CPU.Build.0 = Release|Any CPU
		{11BD01C2-FFE9-4D82-81CF-85BE8D573955}.Debug|Any CPU.ActiveCfg = Debug|Any CPU
		{11BD01C2-FFE9-4D82-81CF-85BE8D573955}.Debug|Any CPU.Build.0 = Debug|Any CPU
		{11BD01C2-FFE9-4D82-81CF-85BE8D573955}.Release|Any CPU.ActiveCfg = Release|Any CPU
		{11BD01C2-FFE9-4D82-81CF-85BE8D573955}.Release|Any CPU.Build.0 = Release|Any CPU
		{B1894304-D14B-48E2-87FA-A48D1CECE4BD}.Debug|Any CPU.ActiveCfg = Debug|Any CPU
		{B1894304-D14B-48E2-87FA-A48D1CECE4BD}.Debug|Any CPU.Build.0 = Debug|Any CPU
		{B1894304-D14B-48E2-87FA-A48D1CECE4BD}.Release|Any CPU.ActiveCfg = Release|Any CPU
		{B1894304-D14B-48E2-87FA-A48D1CECE4BD}.Release|Any CPU.Build.0 = Release|Any CPU
		{CA2C7E62-029B-4F67-973E-AE278869F4D4}.Debug|Any CPU.ActiveCfg = Debug|Any CPU
		{CA2C7E62-029B-4F67-973E-AE278869F4D4}.Debug|Any CPU.Build.0 = Debug|Any CPU
		{CA2C7E62-029B-4F67-973E-AE278869F4D4}.Release|Any CPU.ActiveCfg = Release|Any CPU
		{CA2C7E62-029B-4F67-973E-AE278869F4D4}.Release|Any CPU.Build.0 = Release|Any CPU
		{4E3C0C83-B39F-461C-9122-D4DD7A6BB773}.Debug|Any CPU.ActiveCfg = Debug|Any CPU
		{4E3C0C83-B39F-461C-9122-D4DD7A6BB773}.Debug|Any CPU.Build.0 = Debug|Any CPU
		{4E3C0C83-B39F-461C-9122-D4DD7A6BB773}.Release|Any CPU.ActiveCfg = Release|Any CPU
		{4E3C0C83-B39F-461C-9122-D4DD7A6BB773}.Release|Any CPU.Build.0 = Release|Any CPU
		{80D87550-F84B-48D9-929A-0F1660BE856D}.Debug|Any CPU.ActiveCfg = Debug|Any CPU
		{80D87550-F84B-48D9-929A-0F1660BE856D}.Debug|Any CPU.Build.0 = Debug|Any CPU
		{80D87550-F84B-48D9-929A-0F1660BE856D}.Release|Any CPU.ActiveCfg = Release|Any CPU
		{80D87550-F84B-48D9-929A-0F1660BE856D}.Release|Any CPU.Build.0 = Release|Any CPU
	EndGlobalSection
	GlobalSection(SolutionProperties) = preSolution
		HideSolutionNode = FALSE
	EndGlobalSection
	GlobalSection(ExtensibilityGlobals) = postSolution
		SolutionGuid = {76E16C2D-1121-4DA3-B0E7-43CFC2F83755}
	EndGlobalSection
EndGlobal
